// !$*UTF8*$!
{
	archiveVersion = 1;
	classes = {
	};
	objectVersion = 56;
	objects = {

/* Begin PBXBuildFile section */
		5F83A6F22A649CBE004DAF71 /* TabBar.storyboard in Resources */ = {isa = PBXBuildFile; fileRef = 5F83A6F12A649CBE004DAF71 /* TabBar.storyboard */; };
		5F83A6F42A64A303004DAF71 /* MainPageVC.swift in Sources */ = {isa = PBXBuildFile; fileRef = 5F83A6F32A64A303004DAF71 /* MainPageVC.swift */; };
		5F83A6F62A64AC49004DAF71 /* UITabBarVC.swift in Sources */ = {isa = PBXBuildFile; fileRef = 5F83A6F52A64AC49004DAF71 /* UITabBarVC.swift */; };
		785B73422A5EC58500DE3947 /* ForgotVC.swift in Sources */ = {isa = PBXBuildFile; fileRef = 785B73412A5EC58500DE3947 /* ForgotVC.swift */; };
		785B73452A5EC5F400DE3947 /* CustomTextField.swift in Sources */ = {isa = PBXBuildFile; fileRef = 785B73442A5EC5F400DE3947 /* CustomTextField.swift */; };
		785B73472A5ED51100DE3947 /* OTPVC.swift in Sources */ = {isa = PBXBuildFile; fileRef = 785B73462A5ED51100DE3947 /* OTPVC.swift */; };
		785B73492A5F47FF00DE3947 /* NewPasswordVC.swift in Sources */ = {isa = PBXBuildFile; fileRef = 785B73482A5F47FF00DE3947 /* NewPasswordVC.swift */; };
		786FD0E92A5DFC510010F212 /* OnboardingModel.swift in Sources */ = {isa = PBXBuildFile; fileRef = 786FD0E82A5DFC510010F212 /* OnboardingModel.swift */; };
		7885AD952A5E291700200364 /* SignUpVC.swift in Sources */ = {isa = PBXBuildFile; fileRef = 7885AD942A5E291700200364 /* SignUpVC.swift */; };
		7885AD972A5E292A00200364 /* Login.storyboard in Resources */ = {isa = PBXBuildFile; fileRef = 7885AD962A5E292A00200364 /* Login.storyboard */; };
		788FE0162A5D8B830030D39C /* AppDelegate.swift in Sources */ = {isa = PBXBuildFile; fileRef = 788FE0152A5D8B830030D39C /* AppDelegate.swift */; };
		788FE0182A5D8B830030D39C /* SceneDelegate.swift in Sources */ = {isa = PBXBuildFile; fileRef = 788FE0172A5D8B830030D39C /* SceneDelegate.swift */; };
		788FE01D2A5D8B830030D39C /* Main.storyboard in Resources */ = {isa = PBXBuildFile; fileRef = 788FE01B2A5D8B830030D39C /* Main.storyboard */; };
		788FE01F2A5D8B860030D39C /* Assets.xcassets in Resources */ = {isa = PBXBuildFile; fileRef = 788FE01E2A5D8B860030D39C /* Assets.xcassets */; };
		788FE0222A5D8B860030D39C /* LaunchScreen.storyboard in Resources */ = {isa = PBXBuildFile; fileRef = 788FE0202A5D8B860030D39C /* LaunchScreen.storyboard */; };
		78A2D1152A5E5254002E2BA8 /* LogInVC.swift in Sources */ = {isa = PBXBuildFile; fileRef = 78A2D1142A5E5254002E2BA8 /* LogInVC.swift */; };
		78C6B2162A5D9002009EB152 /* Fonts in Resources */ = {isa = PBXBuildFile; fileRef = 78C6B2152A5D9002009EB152 /* Fonts */; };
		78C6B21D2A5D912C009EB152 /* IntroVC.swift in Sources */ = {isa = PBXBuildFile; fileRef = 78C6B21C2A5D912C009EB152 /* IntroVC.swift */; };
		78C6B2202A5D97F0009EB152 /* KeyboardExtension.swift in Sources */ = {isa = PBXBuildFile; fileRef = 78C6B21F2A5D97F0009EB152 /* KeyboardExtension.swift */; };
		78C6B2232A5D988F009EB152 /* Routing.swift in Sources */ = {isa = PBXBuildFile; fileRef = 78C6B2222A5D988F009EB152 /* Routing.swift */; };
		78C6B2262A5D98C2009EB152 /* Shift in Frameworks */ = {isa = PBXBuildFile; productRef = 78C6B2252A5D98C2009EB152 /* Shift */; };
		78C6B2282A5DC529009EB152 /* OnboardingVC.swift in Sources */ = {isa = PBXBuildFile; fileRef = 78C6B2272A5DC529009EB152 /* OnboardingVC.swift */; };
		78C6B22B2A5DC805009EB152 /* OnboardingCollectionViewCell.swift in Sources */ = {isa = PBXBuildFile; fileRef = 78C6B22A2A5DC805009EB152 /* OnboardingCollectionViewCell.swift */; };
		78CF7F712A60000C0000E870 /* UserDefaults+Extension.swift in Sources */ = {isa = PBXBuildFile; fileRef = 78CF7F702A60000C0000E870 /* UserDefaults+Extension.swift */; };
/* End PBXBuildFile section */

/* Begin PBXFileReference section */
		5F83A6F12A649CBE004DAF71 /* TabBar.storyboard */ = {isa = PBXFileReference; lastKnownFileType = file.storyboard; path = TabBar.storyboard; sourceTree = "<group>"; };
		5F83A6F32A64A303004DAF71 /* MainPageVC.swift */ = {isa = PBXFileReference; lastKnownFileType = sourcecode.swift; path = MainPageVC.swift; sourceTree = "<group>"; };
		5F83A6F52A64AC49004DAF71 /* UITabBarVC.swift */ = {isa = PBXFileReference; lastKnownFileType = sourcecode.swift; path = UITabBarVC.swift; sourceTree = "<group>"; };
		785B73412A5EC58500DE3947 /* ForgotVC.swift */ = {isa = PBXFileReference; lastKnownFileType = sourcecode.swift; path = ForgotVC.swift; sourceTree = "<group>"; };
		785B73442A5EC5F400DE3947 /* CustomTextField.swift */ = {isa = PBXFileReference; lastKnownFileType = sourcecode.swift; path = CustomTextField.swift; sourceTree = "<group>"; };
		785B73462A5ED51100DE3947 /* OTPVC.swift */ = {isa = PBXFileReference; lastKnownFileType = sourcecode.swift; path = OTPVC.swift; sourceTree = "<group>"; };
		785B73482A5F47FF00DE3947 /* NewPasswordVC.swift */ = {isa = PBXFileReference; lastKnownFileType = sourcecode.swift; path = NewPasswordVC.swift; sourceTree = "<group>"; };
		786FD0E82A5DFC510010F212 /* OnboardingModel.swift */ = {isa = PBXFileReference; lastKnownFileType = sourcecode.swift; path = OnboardingModel.swift; sourceTree = "<group>"; };
		7885AD942A5E291700200364 /* SignUpVC.swift */ = {isa = PBXFileReference; lastKnownFileType = sourcecode.swift; path = SignUpVC.swift; sourceTree = "<group>"; };
		7885AD962A5E292A00200364 /* Login.storyboard */ = {isa = PBXFileReference; lastKnownFileType = file.storyboard; path = Login.storyboard; sourceTree = "<group>"; };
		788FE0122A5D8B830030D39C /* RoamMate.app */ = {isa = PBXFileReference; explicitFileType = wrapper.application; includeInIndex = 0; path = RoamMate.app; sourceTree = BUILT_PRODUCTS_DIR; };
		788FE0152A5D8B830030D39C /* AppDelegate.swift */ = {isa = PBXFileReference; lastKnownFileType = sourcecode.swift; path = AppDelegate.swift; sourceTree = "<group>"; };
		788FE0172A5D8B830030D39C /* SceneDelegate.swift */ = {isa = PBXFileReference; lastKnownFileType = sourcecode.swift; path = SceneDelegate.swift; sourceTree = "<group>"; };
		788FE01C2A5D8B830030D39C /* Base */ = {isa = PBXFileReference; lastKnownFileType = file.storyboard; name = Base; path = Base.lproj/Main.storyboard; sourceTree = "<group>"; };
		788FE01E2A5D8B860030D39C /* Assets.xcassets */ = {isa = PBXFileReference; lastKnownFileType = folder.assetcatalog; path = Assets.xcassets; sourceTree = "<group>"; };
		788FE0212A5D8B860030D39C /* Base */ = {isa = PBXFileReference; lastKnownFileType = file.storyboard; name = Base; path = Base.lproj/LaunchScreen.storyboard; sourceTree = "<group>"; };
		788FE0232A5D8B860030D39C /* Info.plist */ = {isa = PBXFileReference; lastKnownFileType = text.plist.xml; path = Info.plist; sourceTree = "<group>"; };
		78A2D1142A5E5254002E2BA8 /* LogInVC.swift */ = {isa = PBXFileReference; lastKnownFileType = sourcecode.swift; path = LogInVC.swift; sourceTree = "<group>"; };
		78C6B2152A5D9002009EB152 /* Fonts */ = {isa = PBXFileReference; lastKnownFileType = folder; path = Fonts; sourceTree = "<group>"; };
		78C6B21C2A5D912C009EB152 /* IntroVC.swift */ = {isa = PBXFileReference; lastKnownFileType = sourcecode.swift; path = IntroVC.swift; sourceTree = "<group>"; };
		78C6B21F2A5D97F0009EB152 /* KeyboardExtension.swift */ = {isa = PBXFileReference; lastKnownFileType = sourcecode.swift; path = KeyboardExtension.swift; sourceTree = "<group>"; };
		78C6B2222A5D988F009EB152 /* Routing.swift */ = {isa = PBXFileReference; lastKnownFileType = sourcecode.swift; path = Routing.swift; sourceTree = "<group>"; };
		78C6B2272A5DC529009EB152 /* OnboardingVC.swift */ = {isa = PBXFileReference; lastKnownFileType = sourcecode.swift; path = OnboardingVC.swift; sourceTree = "<group>"; };
		78C6B22A2A5DC805009EB152 /* OnboardingCollectionViewCell.swift */ = {isa = PBXFileReference; lastKnownFileType = sourcecode.swift; path = OnboardingCollectionViewCell.swift; sourceTree = "<group>"; };
		78CF7F702A60000C0000E870 /* UserDefaults+Extension.swift */ = {isa = PBXFileReference; lastKnownFileType = sourcecode.swift; path = "UserDefaults+Extension.swift"; sourceTree = "<group>"; };
/* End PBXFileReference section */

/* Begin PBXFrameworksBuildPhase section */
		788FE00F2A5D8B830030D39C /* Frameworks */ = {
			isa = PBXFrameworksBuildPhase;
			buildActionMask = 2147483647;
			files = (
				78C6B2262A5D98C2009EB152 /* Shift in Frameworks */,
			);
			runOnlyForDeploymentPostprocessing = 0;
		};
/* End PBXFrameworksBuildPhase section */

/* Begin PBXGroup section */
		5F83A6EB2A649A22004DAF71 /* MainPage */ = {
			isa = PBXGroup;
			children = (
				5F83A6EE2A649A4A004DAF71 /* Model */,
				5F83A6ED2A649A42004DAF71 /* View */,
				5F83A6EC2A649A3B004DAF71 /* Controller */,
			);
			name = MainPage;
			sourceTree = "<group>";
		};
		5F83A6EC2A649A3B004DAF71 /* Controller */ = {
			isa = PBXGroup;
			children = (
				5F83A6F52A64AC49004DAF71 /* UITabBarVC.swift */,
				5F83A6F32A64A303004DAF71 /* MainPageVC.swift */,
			);
			name = Controller;
			sourceTree = "<group>";
		};
		5F83A6ED2A649A42004DAF71 /* View */ = {
			isa = PBXGroup;
			children = (
				5F83A6F12A649CBE004DAF71 /* TabBar.storyboard */,
			);
			name = View;
			sourceTree = "<group>";
		};
		5F83A6EE2A649A4A004DAF71 /* Model */ = {
			isa = PBXGroup;
			children = (
			);
			name = Model;
			sourceTree = "<group>";
		};
		785B73432A5EC5DB00DE3947 /* CustomViews */ = {
			isa = PBXGroup;
			children = (
				785B73442A5EC5F400DE3947 /* CustomTextField.swift */,
			);
			name = CustomViews;
			sourceTree = "<group>";
		};
		7885AD902A5E28B400200364 /* LogIn */ = {
			isa = PBXGroup;
			children = (
				7885AD932A5E28D800200364 /* Model */,
				7885AD922A5E28D100200364 /* View */,
				7885AD912A5E28C500200364 /* Controller */,
			);
			name = LogIn;
			sourceTree = "<group>";
		};
		7885AD912A5E28C500200364 /* Controller */ = {
			isa = PBXGroup;
			children = (
				7885AD942A5E291700200364 /* SignUpVC.swift */,
				78A2D1142A5E5254002E2BA8 /* LogInVC.swift */,
				785B73412A5EC58500DE3947 /* ForgotVC.swift */,
				785B73462A5ED51100DE3947 /* OTPVC.swift */,
				785B73482A5F47FF00DE3947 /* NewPasswordVC.swift */,
			);
			name = Controller;
			sourceTree = "<group>";
		};
		7885AD922A5E28D100200364 /* View */ = {
			isa = PBXGroup;
			children = (
				7885AD962A5E292A00200364 /* Login.storyboard */,
			);
			name = View;
			sourceTree = "<group>";
		};
		7885AD932A5E28D800200364 /* Model */ = {
			isa = PBXGroup;
			children = (
			);
			name = Model;
			sourceTree = "<group>";
		};
		788FE0092A5D8B830030D39C = {
			isa = PBXGroup;
			children = (
				78C6B2152A5D9002009EB152 /* Fonts */,
				788FE0142A5D8B830030D39C /* RoamMate */,
				788FE0132A5D8B830030D39C /* Products */,
			);
			sourceTree = "<group>";
		};
		788FE0132A5D8B830030D39C /* Products */ = {
			isa = PBXGroup;
			children = (
				788FE0122A5D8B830030D39C /* RoamMate.app */,
			);
			name = Products;
			sourceTree = "<group>";
		};
		788FE0142A5D8B830030D39C /* RoamMate */ = {
			isa = PBXGroup;
			children = (
				785B73432A5EC5DB00DE3947 /* CustomViews */,
				78C6B2212A5D987E009EB152 /* Routing */,
				78C6B2172A5D90AC009EB152 /* Scene */,
				78C6B21E2A5D97D7009EB152 /* Extensions */,
				788FE0292A5D8C6F0030D39C /* Support */,
			);
			path = RoamMate;
			sourceTree = "<group>";
		};
		788FE0292A5D8C6F0030D39C /* Support */ = {
			isa = PBXGroup;
			children = (
				788FE0232A5D8B860030D39C /* Info.plist */,
				788FE01E2A5D8B860030D39C /* Assets.xcassets */,
				788FE0172A5D8B830030D39C /* SceneDelegate.swift */,
				788FE0152A5D8B830030D39C /* AppDelegate.swift */,
			);
			name = Support;
			sourceTree = "<group>";
		};
		78C6B2172A5D90AC009EB152 /* Scene */ = {
			isa = PBXGroup;
			children = (
				78C6B2182A5D90B8009EB152 /* Intro */,
				7885AD902A5E28B400200364 /* LogIn */,
				5F83A6EB2A649A22004DAF71 /* MainPage */,
			);
			name = Scene;
			sourceTree = "<group>";
		};
		78C6B2182A5D90B8009EB152 /* Intro */ = {
			isa = PBXGroup;
			children = (
				78C6B2192A5D90D3009EB152 /* Model */,
				78C6B21A2A5D90DB009EB152 /* View */,
				78C6B21B2A5D90E2009EB152 /* Controller */,
				78C6B2292A5DC7CE009EB152 /* Cells */,
			);
			name = Intro;
			sourceTree = "<group>";
		};
		78C6B2192A5D90D3009EB152 /* Model */ = {
			isa = PBXGroup;
			children = (
				786FD0E82A5DFC510010F212 /* OnboardingModel.swift */,
			);
			name = Model;
			sourceTree = "<group>";
		};
		78C6B21A2A5D90DB009EB152 /* View */ = {
			isa = PBXGroup;
			children = (
				788FE01B2A5D8B830030D39C /* Main.storyboard */,
				788FE0202A5D8B860030D39C /* LaunchScreen.storyboard */,
			);
			name = View;
			sourceTree = "<group>";
		};
		78C6B21B2A5D90E2009EB152 /* Controller */ = {
			isa = PBXGroup;
			children = (
				78C6B21C2A5D912C009EB152 /* IntroVC.swift */,
				78C6B2272A5DC529009EB152 /* OnboardingVC.swift */,
			);
			name = Controller;
			sourceTree = "<group>";
		};
		78C6B21E2A5D97D7009EB152 /* Extensions */ = {
			isa = PBXGroup;
			children = (
				78C6B21F2A5D97F0009EB152 /* KeyboardExtension.swift */,
				78CF7F702A60000C0000E870 /* UserDefaults+Extension.swift */,
			);
			name = Extensions;
			sourceTree = "<group>";
		};
		78C6B2212A5D987E009EB152 /* Routing */ = {
			isa = PBXGroup;
			children = (
				78C6B2222A5D988F009EB152 /* Routing.swift */,
			);
			name = Routing;
			sourceTree = "<group>";
		};
		78C6B2292A5DC7CE009EB152 /* Cells */ = {
			isa = PBXGroup;
			children = (
				78C6B22A2A5DC805009EB152 /* OnboardingCollectionViewCell.swift */,
			);
			name = Cells;
			sourceTree = "<group>";
		};
/* End PBXGroup section */

/* Begin PBXNativeTarget section */
		788FE0112A5D8B830030D39C /* RoamMate */ = {
			isa = PBXNativeTarget;
			buildConfigurationList = 788FE0262A5D8B860030D39C /* Build configuration list for PBXNativeTarget "RoamMate" */;
			buildPhases = (
				788FE00E2A5D8B830030D39C /* Sources */,
				788FE00F2A5D8B830030D39C /* Frameworks */,
				788FE0102A5D8B830030D39C /* Resources */,
			);
			buildRules = (
			);
			dependencies = (
			);
			name = RoamMate;
			packageProductDependencies = (
				78C6B2252A5D98C2009EB152 /* Shift */,
			);
			productName = RoamMate;
			productReference = 788FE0122A5D8B830030D39C /* RoamMate.app */;
			productType = "com.apple.product-type.application";
		};
/* End PBXNativeTarget section */

/* Begin PBXProject section */
		788FE00A2A5D8B830030D39C /* Project object */ = {
			isa = PBXProject;
			attributes = {
				BuildIndependentTargetsInParallel = 1;
				LastSwiftUpdateCheck = 1420;
				LastUpgradeCheck = 1420;
				TargetAttributes = {
					788FE0112A5D8B830030D39C = {
						CreatedOnToolsVersion = 14.2;
					};
				};
			};
			buildConfigurationList = 788FE00D2A5D8B830030D39C /* Build configuration list for PBXProject "RoamMate" */;
			compatibilityVersion = "Xcode 14.0";
			developmentRegion = en;
			hasScannedForEncodings = 0;
			knownRegions = (
				en,
				Base,
			);
			mainGroup = 788FE0092A5D8B830030D39C;
			packageReferences = (
				78C6B2242A5D98C2009EB152 /* XCRemoteSwiftPackageReference "Shift" */,
			);
			productRefGroup = 788FE0132A5D8B830030D39C /* Products */;
			projectDirPath = "";
			projectRoot = "";
			targets = (
				788FE0112A5D8B830030D39C /* RoamMate */,
			);
		};
/* End PBXProject section */

/* Begin PBXResourcesBuildPhase section */
		788FE0102A5D8B830030D39C /* Resources */ = {
			isa = PBXResourcesBuildPhase;
			buildActionMask = 2147483647;
			files = (
				5F83A6F22A649CBE004DAF71 /* TabBar.storyboard in Resources */,
				788FE0222A5D8B860030D39C /* LaunchScreen.storyboard in Resources */,
				788FE01F2A5D8B860030D39C /* Assets.xcassets in Resources */,
				788FE01D2A5D8B830030D39C /* Main.storyboard in Resources */,
				7885AD972A5E292A00200364 /* Login.storyboard in Resources */,
				78C6B2162A5D9002009EB152 /* Fonts in Resources */,
			);
			runOnlyForDeploymentPostprocessing = 0;
		};
/* End PBXResourcesBuildPhase section */

/* Begin PBXSourcesBuildPhase section */
		788FE00E2A5D8B830030D39C /* Sources */ = {
			isa = PBXSourcesBuildPhase;
			buildActionMask = 2147483647;
			files = (
				785B73452A5EC5F400DE3947 /* CustomTextField.swift in Sources */,
				785B73472A5ED51100DE3947 /* OTPVC.swift in Sources */,
				78C6B2232A5D988F009EB152 /* Routing.swift in Sources */,
				5F83A6F62A64AC49004DAF71 /* UITabBarVC.swift in Sources */,
				7885AD952A5E291700200364 /* SignUpVC.swift in Sources */,
				78C6B2282A5DC529009EB152 /* OnboardingVC.swift in Sources */,
				78C6B2202A5D97F0009EB152 /* KeyboardExtension.swift in Sources */,
				5F83A6F42A64A303004DAF71 /* MainPageVC.swift in Sources */,
				78CF7F712A60000C0000E870 /* UserDefaults+Extension.swift in Sources */,
				788FE0162A5D8B830030D39C /* AppDelegate.swift in Sources */,
				786FD0E92A5DFC510010F212 /* OnboardingModel.swift in Sources */,
				785B73492A5F47FF00DE3947 /* NewPasswordVC.swift in Sources */,
				788FE0182A5D8B830030D39C /* SceneDelegate.swift in Sources */,
				78A2D1152A5E5254002E2BA8 /* LogInVC.swift in Sources */,
				78C6B22B2A5DC805009EB152 /* OnboardingCollectionViewCell.swift in Sources */,
				78C6B21D2A5D912C009EB152 /* IntroVC.swift in Sources */,
				785B73422A5EC58500DE3947 /* ForgotVC.swift in Sources */,
			);
			runOnlyForDeploymentPostprocessing = 0;
		};
/* End PBXSourcesBuildPhase section */

/* Begin PBXVariantGroup section */
		788FE01B2A5D8B830030D39C /* Main.storyboard */ = {
			isa = PBXVariantGroup;
			children = (
				788FE01C2A5D8B830030D39C /* Base */,
			);
			name = Main.storyboard;
			sourceTree = "<group>";
		};
		788FE0202A5D8B860030D39C /* LaunchScreen.storyboard */ = {
			isa = PBXVariantGroup;
			children = (
				788FE0212A5D8B860030D39C /* Base */,
			);
			name = LaunchScreen.storyboard;
			sourceTree = "<group>";
		};
/* End PBXVariantGroup section */

/* Begin XCBuildConfiguration section */
		788FE0242A5D8B860030D39C /* Debug */ = {
			isa = XCBuildConfiguration;
			buildSettings = {
				ALWAYS_SEARCH_USER_PATHS = NO;
				CLANG_ANALYZER_NONNULL = YES;
				CLANG_ANALYZER_NUMBER_OBJECT_CONVERSION = YES_AGGRESSIVE;
				CLANG_CXX_LANGUAGE_STANDARD = "gnu++20";
				CLANG_ENABLE_MODULES = YES;
				CLANG_ENABLE_OBJC_ARC = YES;
				CLANG_ENABLE_OBJC_WEAK = YES;
				CLANG_WARN_BLOCK_CAPTURE_AUTORELEASING = YES;
				CLANG_WARN_BOOL_CONVERSION = YES;
				CLANG_WARN_COMMA = YES;
				CLANG_WARN_CONSTANT_CONVERSION = YES;
				CLANG_WARN_DEPRECATED_OBJC_IMPLEMENTATIONS = YES;
				CLANG_WARN_DIRECT_OBJC_ISA_USAGE = YES_ERROR;
				CLANG_WARN_DOCUMENTATION_COMMENTS = YES;
				CLANG_WARN_EMPTY_BODY = YES;
				CLANG_WARN_ENUM_CONVERSION = YES;
				CLANG_WARN_INFINITE_RECURSION = YES;
				CLANG_WARN_INT_CONVERSION = YES;
				CLANG_WARN_NON_LITERAL_NULL_CONVERSION = YES;
				CLANG_WARN_OBJC_IMPLICIT_RETAIN_SELF = YES;
				CLANG_WARN_OBJC_LITERAL_CONVERSION = YES;
				CLANG_WARN_OBJC_ROOT_CLASS = YES_ERROR;
				CLANG_WARN_QUOTED_INCLUDE_IN_FRAMEWORK_HEADER = YES;
				CLANG_WARN_RANGE_LOOP_ANALYSIS = YES;
				CLANG_WARN_STRICT_PROTOTYPES = YES;
				CLANG_WARN_SUSPICIOUS_MOVE = YES;
				CLANG_WARN_UNGUARDED_AVAILABILITY = YES_AGGRESSIVE;
				CLANG_WARN_UNREACHABLE_CODE = YES;
				CLANG_WARN__DUPLICATE_METHOD_MATCH = YES;
				COPY_PHASE_STRIP = NO;
				DEBUG_INFORMATION_FORMAT = dwarf;
				ENABLE_STRICT_OBJC_MSGSEND = YES;
				ENABLE_TESTABILITY = YES;
				GCC_C_LANGUAGE_STANDARD = gnu11;
				GCC_DYNAMIC_NO_PIC = NO;
				GCC_NO_COMMON_BLOCKS = YES;
				GCC_OPTIMIZATION_LEVEL = 0;
				GCC_PREPROCESSOR_DEFINITIONS = (
					"DEBUG=1",
					"$(inherited)",
				);
				GCC_WARN_64_TO_32_BIT_CONVERSION = YES;
				GCC_WARN_ABOUT_RETURN_TYPE = YES_ERROR;
				GCC_WARN_UNDECLARED_SELECTOR = YES;
				GCC_WARN_UNINITIALIZED_AUTOS = YES_AGGRESSIVE;
				GCC_WARN_UNUSED_FUNCTION = YES;
				GCC_WARN_UNUSED_VARIABLE = YES;
				IPHONEOS_DEPLOYMENT_TARGET = 16.2;
				MTL_ENABLE_DEBUG_INFO = INCLUDE_SOURCE;
				MTL_FAST_MATH = YES;
				ONLY_ACTIVE_ARCH = YES;
				SDKROOT = iphoneos;
				SWIFT_ACTIVE_COMPILATION_CONDITIONS = DEBUG;
				SWIFT_OPTIMIZATION_LEVEL = "-Onone";
			};
			name = Debug;
		};
		788FE0252A5D8B860030D39C /* Release */ = {
			isa = XCBuildConfiguration;
			buildSettings = {
				ALWAYS_SEARCH_USER_PATHS = NO;
				CLANG_ANALYZER_NONNULL = YES;
				CLANG_ANALYZER_NUMBER_OBJECT_CONVERSION = YES_AGGRESSIVE;
				CLANG_CXX_LANGUAGE_STANDARD = "gnu++20";
				CLANG_ENABLE_MODULES = YES;
				CLANG_ENABLE_OBJC_ARC = YES;
				CLANG_ENABLE_OBJC_WEAK = YES;
				CLANG_WARN_BLOCK_CAPTURE_AUTORELEASING = YES;
				CLANG_WARN_BOOL_CONVERSION = YES;
				CLANG_WARN_COMMA = YES;
				CLANG_WARN_CONSTANT_CONVERSION = YES;
				CLANG_WARN_DEPRECATED_OBJC_IMPLEMENTATIONS = YES;
				CLANG_WARN_DIRECT_OBJC_ISA_USAGE = YES_ERROR;
				CLANG_WARN_DOCUMENTATION_COMMENTS = YES;
				CLANG_WARN_EMPTY_BODY = YES;
				CLANG_WARN_ENUM_CONVERSION = YES;
				CLANG_WARN_INFINITE_RECURSION = YES;
				CLANG_WARN_INT_CONVERSION = YES;
				CLANG_WARN_NON_LITERAL_NULL_CONVERSION = YES;
				CLANG_WARN_OBJC_IMPLICIT_RETAIN_SELF = YES;
				CLANG_WARN_OBJC_LITERAL_CONVERSION = YES;
				CLANG_WARN_OBJC_ROOT_CLASS = YES_ERROR;
				CLANG_WARN_QUOTED_INCLUDE_IN_FRAMEWORK_HEADER = YES;
				CLANG_WARN_RANGE_LOOP_ANALYSIS = YES;
				CLANG_WARN_STRICT_PROTOTYPES = YES;
				CLANG_WARN_SUSPICIOUS_MOVE = YES;
				CLANG_WARN_UNGUARDED_AVAILABILITY = YES_AGGRESSIVE;
				CLANG_WARN_UNREACHABLE_CODE = YES;
				CLANG_WARN__DUPLICATE_METHOD_MATCH = YES;
				COPY_PHASE_STRIP = NO;
				DEBUG_INFORMATION_FORMAT = "dwarf-with-dsym";
				ENABLE_NS_ASSERTIONS = NO;
				ENABLE_STRICT_OBJC_MSGSEND = YES;
				GCC_C_LANGUAGE_STANDARD = gnu11;
				GCC_NO_COMMON_BLOCKS = YES;
				GCC_WARN_64_TO_32_BIT_CONVERSION = YES;
				GCC_WARN_ABOUT_RETURN_TYPE = YES_ERROR;
				GCC_WARN_UNDECLARED_SELECTOR = YES;
				GCC_WARN_UNINITIALIZED_AUTOS = YES_AGGRESSIVE;
				GCC_WARN_UNUSED_FUNCTION = YES;
				GCC_WARN_UNUSED_VARIABLE = YES;
				IPHONEOS_DEPLOYMENT_TARGET = 16.2;
				MTL_ENABLE_DEBUG_INFO = NO;
				MTL_FAST_MATH = YES;
				SDKROOT = iphoneos;
				SWIFT_COMPILATION_MODE = wholemodule;
				SWIFT_OPTIMIZATION_LEVEL = "-O";
				VALIDATE_PRODUCT = YES;
			};
			name = Release;
		};
		788FE0272A5D8B860030D39C /* Debug */ = {
			isa = XCBuildConfiguration;
			buildSettings = {
				ASSETCATALOG_COMPILER_APPICON_NAME = AppIcon;
				ASSETCATALOG_COMPILER_GLOBAL_ACCENT_COLOR_NAME = AccentColor;
				CODE_SIGN_STYLE = Automatic;
				CURRENT_PROJECT_VERSION = 1;
				DEVELOPMENT_TEAM = KV9PV8UPX3;
				GENERATE_INFOPLIST_FILE = YES;
				INFOPLIST_FILE = RoamMate/Info.plist;
				INFOPLIST_KEY_LSApplicationCategoryType = "public.app-category.travel";
				INFOPLIST_KEY_UIApplicationSupportsIndirectInputEvents = YES;
				INFOPLIST_KEY_UILaunchStoryboardName = LaunchScreen;
				INFOPLIST_KEY_UISupportedInterfaceOrientations = UIInterfaceOrientationPortrait;
				INFOPLIST_KEY_UISupportedInterfaceOrientations_iPad = "UIInterfaceOrientationLandscapeLeft UIInterfaceOrientationLandscapeRight UIInterfaceOrientationPortrait UIInterfaceOrientationPortraitUpsideDown";
				IPHONEOS_DEPLOYMENT_TARGET = 14.0;
				LD_RUNPATH_SEARCH_PATHS = (
					"$(inherited)",
					"@executable_path/Frameworks",
				);
				MARKETING_VERSION = 1.0;
				PRODUCT_BUNDLE_IDENTIFIER = ziyazaidov.RoamMate;
				PRODUCT_NAME = "$(TARGET_NAME)";
				SUPPORTED_PLATFORMS = "iphoneos iphonesimulator";
				SUPPORTS_MACCATALYST = NO;
				SUPPORTS_MAC_DESIGNED_FOR_IPHONE_IPAD = NO;
				SWIFT_EMIT_LOC_STRINGS = YES;
				SWIFT_VERSION = 5.0;
				TARGETED_DEVICE_FAMILY = 1;
			};
			name = Debug;
		};
		788FE0282A5D8B860030D39C /* Release */ = {
			isa = XCBuildConfiguration;
			buildSettings = {
				ASSETCATALOG_COMPILER_APPICON_NAME = AppIcon;
				ASSETCATALOG_COMPILER_GLOBAL_ACCENT_COLOR_NAME = AccentColor;
				CODE_SIGN_STYLE = Automatic;
				CURRENT_PROJECT_VERSION = 1;
				DEVELOPMENT_TEAM = KV9PV8UPX3;
				GENERATE_INFOPLIST_FILE = YES;
				INFOPLIST_FILE = RoamMate/Info.plist;
				INFOPLIST_KEY_LSApplicationCategoryType = "public.app-category.travel";
				INFOPLIST_KEY_UIApplicationSupportsIndirectInputEvents = YES;
				INFOPLIST_KEY_UILaunchStoryboardName = LaunchScreen;
				INFOPLIST_KEY_UISupportedInterfaceOrientations = UIInterfaceOrientationPortrait;
				INFOPLIST_KEY_UISupportedInterfaceOrientations_iPad = "UIInterfaceOrientationLandscapeLeft UIInterfaceOrientationLandscapeRight UIInterfaceOrientationPortrait UIInterfaceOrientationPortraitUpsideDown";
				IPHONEOS_DEPLOYMENT_TARGET = 14.0;
				LD_RUNPATH_SEARCH_PATHS = (
					"$(inherited)",
					"@executable_path/Frameworks",
				);
				MARKETING_VERSION = 1.0;
				PRODUCT_BUNDLE_IDENTIFIER = ziyazaidov.RoamMate;
				PRODUCT_NAME = "$(TARGET_NAME)";
				SUPPORTED_PLATFORMS = "iphoneos iphonesimulator";
				SUPPORTS_MACCATALYST = NO;
				SUPPORTS_MAC_DESIGNED_FOR_IPHONE_IPAD = NO;
				SWIFT_EMIT_LOC_STRINGS = YES;
				SWIFT_VERSION = 5.0;
				TARGETED_DEVICE_FAMILY = 1;
			};
			name = Release;
		};
/* End XCBuildConfiguration section */

/* Begin XCConfigurationList section */
		788FE00D2A5D8B830030D39C /* Build configuration list for PBXProject "RoamMate" */ = {
			isa = XCConfigurationList;
			buildConfigurations = (
				788FE0242A5D8B860030D39C /* Debug */,
				788FE0252A5D8B860030D39C /* Release */,
			);
			defaultConfigurationIsVisible = 0;
			defaultConfigurationName = Release;
		};
		788FE0262A5D8B860030D39C /* Build configuration list for PBXNativeTarget "RoamMate" */ = {
			isa = XCConfigurationList;
			buildConfigurations = (
				788FE0272A5D8B860030D39C /* Debug */,
				788FE0282A5D8B860030D39C /* Release */,
			);
			defaultConfigurationIsVisible = 0;
			defaultConfigurationName = Release;
		};
/* End XCConfigurationList section */

/* Begin XCRemoteSwiftPackageReference section */
		78C6B2242A5D98C2009EB152 /* XCRemoteSwiftPackageReference "Shift" */ = {
			isa = XCRemoteSwiftPackageReference;
			repositoryURL = "https://github.com/wickwirew/Shift.git";
			requirement = {
				branch = master;
				kind = branch;
			};
		};
/* End XCRemoteSwiftPackageReference section */

/* Begin XCSwiftPackageProductDependency section */
		78C6B2252A5D98C2009EB152 /* Shift */ = {
			isa = XCSwiftPackageProductDependency;
			package = 78C6B2242A5D98C2009EB152 /* XCRemoteSwiftPackageReference "Shift" */;
			productName = Shift;
		};
/* End XCSwiftPackageProductDependency section */
	};
	rootObject = 788FE00A2A5D8B830030D39C /* Project object */;
}
